{
  "requires": true,
  "lockfileVersion": 1,
  "dependencies": {
    "three": {
      "version": "0.125.1",
      "resolved": "https://registry.npmjs.org/three/-/three-0.125.1.tgz",
      "integrity": "sha512-7CbiSHZOc18ChhVZU8wQ2g9F2KHJqiG7+ND56/XMrJC2XZMmu+dZFeLFl380c5JwKZGHTOkBQzioZVkI7Jumhg=="
    }
  }
}
