{
	"name": "geopose-sandbox",
	"version": "0.1.2",
	"lockfileVersion": 2,
	"requires": true,
	"packages": {
		"": {
			"name": "geopose-sandbox",
			"version": "0.1.2",
			"license": "MIT",
			"bin": {
				"Angle.js": "builds/modules/data/items/measures/Angle.js",
				"Behavior.js": "builds/modules/logic/Behavior.js",
				"Boolean.js": "builds/modules/data/items/simple/Boolean.js",
				"Box.js": "builds/modules/data/items/shapes/Box.js",
				"Collection.js": "builds/modules/data/Collection.js",
				"Color.js": "builds/modules/data/items/complex/Color.js",
				"Complex.js": "builds/modules/data/items/Complex.js",
				"Component.js": "builds/modules/user/interaction/Component.js",
				"Distance.js": "builds/modules/data/items/measures/Distance.js",
				"Ellipsoid.js": "builds/modules/data/items/shapes/Ellipsoid.js",
				"Entity.js": "builds/modules/logic/Entity.js",
				"EuclideanPosition.js": "builds/modules/data/model/positions/EuclideanPosition.js",
				"Euler.js": "builds/modules/data/items/complex/Euler.js",
				"Event.js": "builds/modules/logic/Event.js",
				"Extension.js": "builds/modules/data/model/Extension.js",
				"Frame.js": "builds/modules/data/model/Frame.js",
				"GeoFrame.js": "builds/modules/data/model/frames/GeoFrame.js",
				"GeoPose.js": "builds/modules/data/model/GeoPose.js",
				"geopose.sandbox.bundle.js": "builds/geopose.sandbox.bundle.js",
				"geopose.sandbox.js": "builds/geopose.sandbox.js",
				"geopose.sandbox.module.js": "builds/geopose.sandbox.module.js",
				"GeoPoseBasicQuaternion.js": "builds/modules/data/model/geoposes/GeoPoseBasicQuaternion.js",
				"GeoPoseBasicYPR.js": "builds/modules/data/model/geoposes/GeoPoseBasicYPR.js",
				"GeoPoseSandbox.js": "builds/modules/GeoPoseSandbox.js",
				"GeoPosition.js": "builds/modules/data/model/positions/GeoPosition.js",
				"Item.js": "builds/modules/data/Item.js",
				"Layer.js": "builds/modules/user/interaction/Layer.js",
				"List.js": "builds/modules/data/collections/List.js",
				"LookAtOrientation.js": "builds/modules/data/model/orientations/LookAtOrientation.js",
				"Measure.js": "builds/modules/data/items/Measure.js",
				"Number.js": "builds/modules/data/items/simple/Number.js",
				"OrbitalPosition.js": "builds/modules/data/model/positions/OrbitalPosition.js",
				"Orientation.js": "builds/modules/data/model/Orientation.js",
				"PlanetComponent.js": "builds/modules/user/interaction/components/PlanetComponent.js",
				"PlanetWidget.js": "builds/modules/user/interaction/widgets/PlanetWidget.js",
				"Pose.js": "builds/modules/data/model/Pose.js",
				"Position.js": "builds/modules/data/model/Position.js",
				"Presence.js": "builds/modules/user/interaction/Presence.js",
				"PresenceEntity.js": "builds/modules/logic/entities/PresenceEntity.js",
				"Quaternion.js": "builds/modules/data/items/complex/Quaternion.js",
				"QuaternionOrientation.js": "builds/modules/data/model/orientations/QuaternionOrientation.js",
				"Relationship.js": "builds/modules/data/Relationship.js",
				"Serialization.js": "builds/modules/data/Serialization.js",
				"Shape.js": "builds/modules/data/items/Shape.js",
				"ShapeComponent.js": "builds/modules/user/interaction/components/ShapeComponent.js",
				"ShapeEntity.js": "builds/modules/logic/entities/ShapeEntity.js",
				"Simple.js": "builds/modules/data/items/Simple.js",
				"Size.js": "builds/modules/data/items/measures/Size.js",
				"Space.js": "builds/modules/user/interaction/Space.js",
				"SpaceEntity.js": "builds/modules/logic/entities/SpaceEntity.js",
				"Sphere.js": "builds/modules/data/items/shapes/Sphere.js",
				"String.js": "builds/modules/data/items/simple/String.js",
				"TerrainEntity.js": "builds/modules/logic/entities/TerrainEntity.js",
				"three.js": "builds/externals/three.js",
				"three.min.js": "builds/externals/three.min.js",
				"three.module.js": "builds/externals/three.module.js",
				"Time.js": "builds/modules/data/items/measures/Time.js",
				"Type.js": "builds/modules/data/Type.js",
				"User.js": "builds/modules/user/User.js",
				"Vector.js": "builds/modules/data/items/complex/Vector.js",
				"View.js": "builds/modules/user/interaction/View.js",
				"ViewPort.js": "builds/modules/logic/ViewPort.js",
				"Widget.js": "builds/modules/user/interaction/Widget.js",
				"YawPitchRollOrientation.js": "builds/modules/data/model/orientations/YawPitchRollOrientation.js"
			},
			"devDependencies": {
				"terser": "^5.7.0",
				"three": "^0.125.2",
				"typescript": "^4.3.2"
			}
		},
		"node_modules/buffer-from": {
			"version": "1.1.1",
			"resolved": "https://registry.npmjs.org/buffer-from/-/buffer-from-1.1.1.tgz",
			"integrity": "sha512-MQcXEUbCKtEo7bhqEs6560Hyd4XaovZlO/k9V3hjVUF/zwW7KBVdSK4gIt/bzwS9MbR5qob+F5jusZsb0YQK2A==",
			"dev": true
		},
		"node_modules/commander": {
			"version": "2.20.3",
			"resolved": "https://registry.npmjs.org/commander/-/commander-2.20.3.tgz",
			"integrity": "sha512-GpVkmM8vF2vQUkj2LvZmD35JxeJOLCwJ9cUkugyk2nuhbv3+mJvpLYYt+0+USMxE+oj+ey/lJEnhZw75x/OMcQ==",
			"dev": true
		},
		"node_modules/source-map": {
			"version": "0.7.3",
			"resolved": "https://registry.npmjs.org/source-map/-/source-map-0.7.3.tgz",
			"integrity": "sha512-CkCj6giN3S+n9qrYiBTX5gystlENnRW5jZeNLHpe6aue+SrHcG5VYwujhW9s4dY31mEGsxBDrHR6oI69fTXsaQ==",
			"dev": true,
			"engines": {
				"node": ">= 8"
			}
		},
		"node_modules/source-map-support": {
			"version": "0.5.19",
			"resolved": "https://registry.npmjs.org/source-map-support/-/source-map-support-0.5.19.tgz",
			"integrity": "sha512-Wonm7zOCIJzBGQdB+thsPar0kYuCIzYvxZwlBa87yi/Mdjv7Tip2cyVbLj5o0cFPN4EVkuTwb3GDDyUx2DGnGw==",
			"dev": true,
			"dependencies": {
				"buffer-from": "^1.0.0",
				"source-map": "^0.6.0"
			}
		},
		"node_modules/source-map-support/node_modules/source-map": {
			"version": "0.6.1",
			"resolved": "https://registry.npmjs.org/source-map/-/source-map-0.6.1.tgz",
			"integrity": "sha512-UjgapumWlbMhkBgzT7Ykc5YXUT46F0iKu8SGXq0bcwP5dz/h0Plj6enJqjz1Zbq2l5WaqYnrVbwWOWMyF3F47g==",
			"dev": true,
			"engines": {
				"node": ">=0.10.0"
			}
		},
		"node_modules/terser": {
			"version": "5.7.0",
			"resolved": "https://registry.npmjs.org/terser/-/terser-5.7.0.tgz",
			"integrity": "sha512-HP5/9hp2UaZt5fYkuhNBR8YyRcT8juw8+uFbAme53iN9hblvKnLUTKkmwJG6ocWpIKf8UK4DoeWG4ty0J6S6/g==",
			"dev": true,
			"dependencies": {
				"commander": "^2.20.0",
				"source-map": "~0.7.2",
				"source-map-support": "~0.5.19"
			},
			"bin": {
				"terser": "bin/terser"
			},
			"engines": {
				"node": ">=10"
			}
		},
		"node_modules/three": {
			"version": "0.125.2",
			"resolved": "https://registry.npmjs.org/three/-/three-0.125.2.tgz",
			"integrity": "sha512-7rIRO23jVKWcAPFdW/HREU2NZMGWPBZ4XwEMt0Ak0jwLUKVJhcKM55eCBWyGZq/KiQbeo1IeuAoo/9l2dzhTXA==",
			"dev": true
		},
		"node_modules/typescript": {
			"version": "4.3.2",
			"resolved": "https://registry.npmjs.org/typescript/-/typescript-4.3.2.tgz",
			"integrity": "sha512-zZ4hShnmnoVnAHpVHWpTcxdv7dWP60S2FsydQLV8V5PbS3FifjWFFRiHSWpDJahly88PRyV5teTSLoq4eG7mKw==",
			"dev": true,
			"bin": {
				"tsc": "bin/tsc",
				"tsserver": "bin/tsserver"
			},
			"engines": {
				"node": ">=4.2.0"
			}
		}
	},
	"dependencies": {
		"buffer-from": {
			"version": "1.1.1",
			"resolved": "https://registry.npmjs.org/buffer-from/-/buffer-from-1.1.1.tgz",
			"integrity": "sha512-MQcXEUbCKtEo7bhqEs6560Hyd4XaovZlO/k9V3hjVUF/zwW7KBVdSK4gIt/bzwS9MbR5qob+F5jusZsb0YQK2A==",
			"dev": true
		},
		"commander": {
			"version": "2.20.3",
			"resolved": "https://registry.npmjs.org/commander/-/commander-2.20.3.tgz",
			"integrity": "sha512-GpVkmM8vF2vQUkj2LvZmD35JxeJOLCwJ9cUkugyk2nuhbv3+mJvpLYYt+0+USMxE+oj+ey/lJEnhZw75x/OMcQ==",
			"dev": true
		},
		"source-map": {
			"version": "0.7.3",
			"resolved": "https://registry.npmjs.org/source-map/-/source-map-0.7.3.tgz",
			"integrity": "sha512-CkCj6giN3S+n9qrYiBTX5gystlENnRW5jZeNLHpe6aue+SrHcG5VYwujhW9s4dY31mEGsxBDrHR6oI69fTXsaQ==",
			"dev": true
		},
		"source-map-support": {
			"version": "0.5.19",
			"resolved": "https://registry.npmjs.org/source-map-support/-/source-map-support-0.5.19.tgz",
			"integrity": "sha512-Wonm7zOCIJzBGQdB+thsPar0kYuCIzYvxZwlBa87yi/Mdjv7Tip2cyVbLj5o0cFPN4EVkuTwb3GDDyUx2DGnGw==",
			"dev": true,
			"requires": {
				"buffer-from": "^1.0.0",
				"source-map": "^0.6.0"
			},
			"dependencies": {
				"source-map": {
					"version": "0.6.1",
					"resolved": "https://registry.npmjs.org/source-map/-/source-map-0.6.1.tgz",
					"integrity": "sha512-UjgapumWlbMhkBgzT7Ykc5YXUT46F0iKu8SGXq0bcwP5dz/h0Plj6enJqjz1Zbq2l5WaqYnrVbwWOWMyF3F47g==",
					"dev": true
				}
			}
		},
		"terser": {
			"version": "5.7.0",
			"resolved": "https://registry.npmjs.org/terser/-/terser-5.7.0.tgz",
			"integrity": "sha512-HP5/9hp2UaZt5fYkuhNBR8YyRcT8juw8+uFbAme53iN9hblvKnLUTKkmwJG6ocWpIKf8UK4DoeWG4ty0J6S6/g==",
			"dev": true,
			"requires": {
				"commander": "^2.20.0",
				"source-map": "~0.7.2",
				"source-map-support": "~0.5.19"
			}
		},
		"three": {
			"version": "0.125.2",
			"resolved": "https://registry.npmjs.org/three/-/three-0.125.2.tgz",
			"integrity": "sha512-7rIRO23jVKWcAPFdW/HREU2NZMGWPBZ4XwEMt0Ak0jwLUKVJhcKM55eCBWyGZq/KiQbeo1IeuAoo/9l2dzhTXA==",
			"dev": true
		},
		"typescript": {
			"version": "4.3.2",
			"resolved": "https://registry.npmjs.org/typescript/-/typescript-4.3.2.tgz",
			"integrity": "sha512-zZ4hShnmnoVnAHpVHWpTcxdv7dWP60S2FsydQLV8V5PbS3FifjWFFRiHSWpDJahly88PRyV5teTSLoq4eG7mKw==",
			"dev": true
		}
	}
}
